
Microsoft Visual Studio Solution File, Format Version 12.00
# Visual Studio 15
VisualStudioVersion = 15.0.28010.2050
MinimumVisualStudioVersion = 10.0.40219.1
Project("{FAE04EC0-301F-11D3-BF4B-00C04F79EFBC}") = "BlockChainNode", "BlockChainNode\BlockChainNode.csproj", "{C17A8137-D6D5-4157-BDA6-788143D7AB13}"
EndProject
Project("{FAE04EC0-301F-11D3-BF4B-00C04F79EFBC}") = "ConsoleTester", "ConsoleTester\ConsoleTester.csproj", "{66E22B6A-33ED-4FF0-A403-1011B8D3B733}"
EndProject
Global
	GlobalSection(SolutionConfigurationPlatforms) = preSolution
		Debug|Any CPU = Debug|Any CPU
		Release|Any CPU = Release|Any CPU
	EndGlobalSection
	GlobalSection(ProjectConfigurationPlatforms) = postSolution
		{C17A8137-D6D5-4157-BDA6-788143D7AB13}.Debug|Any CPU.ActiveCfg = Debug|Any CPU
		{C17A8137-D6D5-4157-BDA6-788143D7AB13}.Debug|Any CPU.Build.0 = Debug|Any CPU
		{C17A8137-D6D5-4157-BDA6-788143D7AB13}.Release|Any CPU.ActiveCfg = Release|Any CPU
		{C17A8137-D6D5-4157-BDA6-788143D7AB13}.Release|Any CPU.Build.0 = Release|Any CPU
		{66E22B6A-33ED-4FF0-A403-1011B8D3B733}.Debug|Any CPU.ActiveCfg = Debug|Any CPU
		{66E22B6A-33ED-4FF0-A403-1011B8D3B733}.Debug|Any CPU.Build.0 = Debug|Any CPU
		{66E22B6A-33ED-4FF0-A403-1011B8D3B733}.Release|Any CPU.ActiveCfg = Release|Any CPU
		{66E22B6A-33ED-4FF0-A403-1011B8D3B733}.Release|Any CPU.Build.0 = Release|Any CPU
	EndGlobalSection
	GlobalSection(SolutionProperties) = preSolution
		HideSolutionNode = FALSE
	EndGlobalSection
	GlobalSection(ExtensibilityGlobals) = postSolution
		SolutionGuid = {72CE87B6-055B-42A8-8A2F-25845DEEDBD7}
	EndGlobalSection
EndGlobal
